
Microsoft Visual Studio Solution File, Format Version 12.00
# Visual Studio Version 17
VisualStudioVersion = 17.0.31903.59
MinimumVisualStudioVersion = 10.0.40219.1
Project("{2150E333-8FDC-42A3-9474-1A3956D46DE8}") = "src", "src", "{827E0CD3-B72D-47B6-A68D-7590B98EB39B}"
EndProject
Project("{FAE04EC0-301F-11D3-BF4B-00C04F79EFBC}") = "RyzeAuth.Domain", "src\RyzeAuth.Domain\RyzeAuth.Domain.csproj", "{31A9C13D-3E71-499A-9B2E-6AC7F27212B9}"
EndProject
Project("{FAE04EC0-301F-11D3-BF4B-00C04F79EFBC}") = "RyzeAuth.Application", "src\RyzeAuth.Application\RyzeAuth.Application.csproj", "{6C3F335E-34DD-4494-9BAB-0DFA2C110D32}"
EndProject
Project("{FAE04EC0-301F-11D3-BF4B-00C04F79EFBC}") = "RyzeAuth.Contracts", "src\RyzeAuth.Contracts\RyzeAuth.Contracts.csproj", "{6B0A38BC-253D-4F2E-A096-FF3C787F80F2}"
EndProject
Project("{FAE04EC0-301F-11D3-BF4B-00C04F79EFBC}") = "RyzeAuth.Infrastructure", "src\RyzeAuth.Infrastructure\RyzeAuth.Infrastructure.csproj", "{1FD8576E-2706-41A7-941D-FB477303F529}"
EndProject
Project("{FAE04EC0-301F-11D3-BF4B-00C04F79EFBC}") = "RyzeAuth.Api", "src\RyzeAuth.Api\RyzeAuth.Api.csproj", "{CFB3EF5D-69DF-46A2-B0FD-42ECBC874322}"
EndProject
Project("{2150E333-8FDC-42A3-9474-1A3956D46DE8}") = "tests", "tests", "{0AB3BF05-4346-4AA6-1389-037BE0695223}"
EndProject
Project("{FAE04EC0-301F-11D3-BF4B-00C04F79EFBC}") = "RyzeAuth.UnitTests", "tests\RyzeAuth.UnitTests\RyzeAuth.UnitTests.csproj", "{D9597D7B-FBC1-49EC-AA63-96EDF7195E74}"
EndProject
Project("{FAE04EC0-301F-11D3-BF4B-00C04F79EFBC}") = "RyzeAuth.IntegrationTests", "tests\RyzeAuth.IntegrationTests\RyzeAuth.IntegrationTests.csproj", "{F63A48AA-A6FE-4A4B-B417-E45DD65B7893}"
EndProject
Project("{FAE04EC0-301F-11D3-BF4B-00C04F79EFBC}") = "RyzeAuth.E2ETests", "tests\RyzeAuth.E2ETests\RyzeAuth.E2ETests.csproj", "{1E400C45-9C74-46B7-A12C-B401D75B0B15}"
EndProject
Project("{2150E333-8FDC-42A3-9474-1A3956D46DE8}") = "tools", "tools", "{07C2787E-EAC7-C090-1BA3-A61EC2A24D84}"
EndProject
Project("{FAE04EC0-301F-11D3-BF4B-00C04F79EFBC}") = "RyzeAuth.EcosystemTester", "tools\RyzeAuth.EcosystemTester\RyzeAuth.EcosystemTester.csproj", "{DD724512-86F9-43EC-97F3-6634EFBB671B}"
EndProject
Global
	GlobalSection(SolutionConfigurationPlatforms) = preSolution
		Debug|Any CPU = Debug|Any CPU
		Debug|x64 = Debug|x64
		Debug|x86 = Debug|x86
		Release|Any CPU = Release|Any CPU
		Release|x64 = Release|x64
		Release|x86 = Release|x86
	EndGlobalSection
	GlobalSection(ProjectConfigurationPlatforms) = postSolution
		{31A9C13D-3E71-499A-9B2E-6AC7F27212B9}.Debug|Any CPU.ActiveCfg = Debug|Any CPU
		{31A9C13D-3E71-499A-9B2E-6AC7F27212B9}.Debug|Any CPU.Build.0 = Debug|Any CPU
		{31A9C13D-3E71-499A-9B2E-6AC7F27212B9}.Debug|x64.ActiveCfg = Debug|Any CPU
		{31A9C13D-3E71-499A-9B2E-6AC7F27212B9}.Debug|x64.Build.0 = Debug|Any CPU
		{31A9C13D-3E71-499A-9B2E-6AC7F27212B9}.Debug|x86.ActiveCfg = Debug|Any CPU
		{31A9C13D-3E71-499A-9B2E-6AC7F27212B9}.Debug|x86.Build.0 = Debug|Any CPU
		{31A9C13D-3E71-499A-9B2E-6AC7F27212B9}.Release|Any CPU.ActiveCfg = Release|Any CPU
		{31A9C13D-3E71-499A-9B2E-6AC7F27212B9}.Release|Any CPU.Build.0 = Release|Any CPU
		{31A9C13D-3E71-499A-9B2E-6AC7F27212B9}.Release|x64.ActiveCfg = Release|Any CPU
		{31A9C13D-3E71-499A-9B2E-6AC7F27212B9}.Release|x64.Build.0 = Release|Any CPU
		{31A9C13D-3E71-499A-9B2E-6AC7F27212B9}.Release|x86.ActiveCfg = Release|Any CPU
		{31A9C13D-3E71-499A-9B2E-6AC7F27212B9}.Release|x86.Build.0 = Release|Any CPU
		{6C3F335E-34DD-4494-9BAB-0DFA2C110D32}.Debug|Any CPU.ActiveCfg = Debug|Any CPU
		{6C3F335E-34DD-4494-9BAB-0DFA2C110D32}.Debug|Any CPU.Build.0 = Debug|Any CPU
		{6C3F335E-34DD-4494-9BAB-0DFA2C110D32}.Debug|x64.ActiveCfg = Debug|Any CPU
		{6C3F335E-34DD-4494-9BAB-0DFA2C110D32}.Debug|x64.Build.0 = Debug|Any CPU
		{6C3F335E-34DD-4494-9BAB-0DFA2C110D32}.Debug|x86.ActiveCfg = Debug|Any CPU
		{6C3F335E-34DD-4494-9BAB-0DFA2C110D32}.Debug|x86.Build.0 = Debug|Any CPU
		{6C3F335E-34DD-4494-9BAB-0DFA2C110D32}.Release|Any CPU.ActiveCfg = Release|Any CPU
		{6C3F335E-34DD-4494-9BAB-0DFA2C110D32}.Release|Any CPU.Build.0 = Release|Any CPU
		{6C3F335E-34DD-4494-9BAB-0DFA2C110D32}.Release|x64.ActiveCfg = Release|Any CPU
		{6C3F335E-34DD-4494-9BAB-0DFA2C110D32}.Release|x64.Build.0 = Release|Any CPU
		{6C3F335E-34DD-4494-9BAB-0DFA2C110D32}.Release|x86.ActiveCfg = Release|Any CPU
		{6C3F335E-34DD-4494-9BAB-0DFA2C110D32}.Release|x86.Build.0 = Release|Any CPU
		{6B0A38BC-253D-4F2E-A096-FF3C787F80F2}.Debug|Any CPU.ActiveCfg = Debug|Any CPU
		{6B0A38BC-253D-4F2E-A096-FF3C787F80F2}.Debug|Any CPU.Build.0 = Debug|Any CPU
		{6B0A38BC-253D-4F2E-A096-FF3C787F80F2}.Debug|x64.ActiveCfg = Debug|Any CPU
		{6B0A38BC-253D-4F2E-A096-FF3C787F80F2}.Debug|x64.Build.0 = Debug|Any CPU
		{6B0A38BC-253D-4F2E-A096-FF3C787F80F2}.Debug|x86.ActiveCfg = Debug|Any CPU
		{6B0A38BC-253D-4F2E-A096-FF3C787F80F2}.Debug|x86.Build.0 = Debug|Any CPU
		{6B0A38BC-253D-4F2E-A096-FF3C787F80F2}.Release|Any CPU.ActiveCfg = Release|Any CPU
		{6B0A38BC-253D-4F2E-A096-FF3C787F80F2}.Release|Any CPU.Build.0 = Release|Any CPU
		{6B0A38BC-253D-4F2E-A096-FF3C787F80F2}.Release|x64.ActiveCfg = Release|Any CPU
		{6B0A38BC-253D-4F2E-A096-FF3C787F80F2}.Release|x64.Build.0 = Release|Any CPU
		{6B0A38BC-253D-4F2E-A096-FF3C787F80F2}.Release|x86.ActiveCfg = Release|Any CPU
		{6B0A38BC-253D-4F2E-A096-FF3C787F80F2}.Release|x86.Build.0 = Release|Any CPU
		{1FD8576E-2706-41A7-941D-FB477303F529}.Debug|Any CPU.ActiveCfg = Debug|Any CPU
		{1FD8576E-2706-41A7-941D-FB477303F529}.Debug|Any CPU.Build.0 = Debug|Any CPU
		{1FD8576E-2706-41A7-941D-FB477303F529}.Debug|x64.ActiveCfg = Debug|Any CPU
		{1FD8576E-2706-41A7-941D-FB477303F529}.Debug|x64.Build.0 = Debug|Any CPU
		{1FD8576E-2706-41A7-941D-FB477303F529}.Debug|x86.ActiveCfg = Debug|Any CPU
		{1FD8576E-2706-41A7-941D-FB477303F529}.Debug|x86.Build.0 = Debug|Any CPU
		{1FD8576E-2706-41A7-941D-FB477303F529}.Release|Any CPU.ActiveCfg = Release|Any CPU
		{1FD8576E-2706-41A7-941D-FB477303F529}.Release|Any CPU.Build.0 = Release|Any CPU
		{1FD8576E-2706-41A7-941D-FB477303F529}.Release|x64.ActiveCfg = Release|Any CPU
		{1FD8576E-2706-41A7-941D-FB477303F529}.Release|x64.Build.0 = Release|Any CPU
		{1FD8576E-2706-41A7-941D-FB477303F529}.Release|x86.ActiveCfg = Release|Any CPU
		{1FD8576E-2706-41A7-941D-FB477303F529}.Release|x86.Build.0 = Release|Any CPU
		{CFB3EF5D-69DF-46A2-B0FD-42ECBC874322}.Debug|Any CPU.ActiveCfg = Debug|Any CPU
		{CFB3EF5D-69DF-46A2-B0FD-42ECBC874322}.Debug|Any CPU.Build.0 = Debug|Any CPU
		{CFB3EF5D-69DF-46A2-B0FD-42ECBC874322}.Debug|x64.ActiveCfg = Debug|Any CPU
		{CFB3EF5D-69DF-46A2-B0FD-42ECBC874322}.Debug|x64.Build.0 = Debug|Any CPU
		{CFB3EF5D-69DF-46A2-B0FD-42ECBC874322}.Debug|x86.ActiveCfg = Debug|Any CPU
		{CFB3EF5D-69DF-46A2-B0FD-42ECBC874322}.Debug|x86.Build.0 = Debug|Any CPU
		{CFB3EF5D-69DF-46A2-B0FD-42ECBC874322}.Release|Any CPU.ActiveCfg = Release|Any CPU
		{CFB3EF5D-69DF-46A2-B0FD-42ECBC874322}.Release|Any CPU.Build.0 = Release|Any CPU
		{CFB3EF5D-69DF-46A2-B0FD-42ECBC874322}.Release|x64.ActiveCfg = Release|Any CPU
		{CFB3EF5D-69DF-46A2-B0FD-42ECBC874322}.Release|x64.Build.0 = Release|Any CPU
		{CFB3EF5D-69DF-46A2-B0FD-42ECBC874322}.Release|x86.ActiveCfg = Release|Any CPU
		{CFB3EF5D-69DF-46A2-B0FD-42ECBC874322}.Release|x86.Build.0 = Release|Any CPU
		{D9597D7B-FBC1-49EC-AA63-96EDF7195E74}.Debug|Any CPU.ActiveCfg = Debug|Any CPU
		{D9597D7B-FBC1-49EC-AA63-96EDF7195E74}.Debug|Any CPU.Build.0 = Debug|Any CPU
		{D9597D7B-FBC1-49EC-AA63-96EDF7195E74}.Debug|x64.ActiveCfg = Debug|Any CPU
		{D9597D7B-FBC1-49EC-AA63-96EDF7195E74}.Debug|x64.Build.0 = Debug|Any CPU
		{D9597D7B-FBC1-49EC-AA63-96EDF7195E74}.Debug|x86.ActiveCfg = Debug|Any CPU
		{D9597D7B-FBC1-49EC-AA63-96EDF7195E74}.Debug|x86.Build.0 = Debug|Any CPU
		{D9597D7B-FBC1-49EC-AA63-96EDF7195E74}.Release|Any CPU.ActiveCfg = Release|Any CPU
		{D9597D7B-FBC1-49EC-AA63-96EDF7195E74}.Release|Any CPU.Build.0 = Release|Any CPU
		{D9597D7B-FBC1-49EC-AA63-96EDF7195E74}.Release|x64.ActiveCfg = Release|Any CPU
		{D9597D7B-FBC1-49EC-AA63-96EDF7195E74}.Release|x64.Build.0 = Release|Any CPU
		{D9597D7B-FBC1-49EC-AA63-96EDF7195E74}.Release|x86.ActiveCfg = Release|Any CPU
		{D9597D7B-FBC1-49EC-AA63-96EDF7195E74}.Release|x86.Build.0 = Release|Any CPU
		{F63A48AA-A6FE-4A4B-B417-E45DD65B7893}.Debug|Any CPU.ActiveCfg = Debug|Any CPU
		{F63A48AA-A6FE-4A4B-B417-E45DD65B7893}.Debug|Any CPU.Build.0 = Debug|Any CPU
		{F63A48AA-A6FE-4A4B-B417-E45DD65B7893}.Debug|x64.ActiveCfg = Debug|Any CPU
		{F63A48AA-A6FE-4A4B-B417-E45DD65B7893}.Debug|x64.Build.0 = Debug|Any CPU
		{F63A48AA-A6FE-4A4B-B417-E45DD65B7893}.Debug|x86.ActiveCfg = Debug|Any CPU
		{F63A48AA-A6FE-4A4B-B417-E45DD65B7893}.Debug|x86.Build.0 = Debug|Any CPU
		{F63A48AA-A6FE-4A4B-B417-E45DD65B7893}.Release|Any CPU.ActiveCfg = Release|Any CPU
		{F63A48AA-A6FE-4A4B-B417-E45DD65B7893}.Release|Any CPU.Build.0 = Release|Any CPU
		{F63A48AA-A6FE-4A4B-B417-E45DD65B7893}.Release|x64.ActiveCfg = Release|Any CPU
		{F63A48AA-A6FE-4A4B-B417-E45DD65B7893}.Release|x64.Build.0 = Release|Any CPU
		{F63A48AA-A6FE-4A4B-B417-E45DD65B7893}.Release|x86.ActiveCfg = Release|Any CPU
		{F63A48AA-A6FE-4A4B-B417-E45DD65B7893}.Release|x86.Build.0 = Release|Any CPU
		{1E400C45-9C74-46B7-A12C-B401D75B0B15}.Debug|Any CPU.ActiveCfg = Debug|Any CPU
		{1E400C45-9C74-46B7-A12C-B401D75B0B15}.Debug|Any CPU.Build.0 = Debug|Any CPU
		{1E400C45-9C74-46B7-A12C-B401D75B0B15}.Debug|x64.ActiveCfg = Debug|Any CPU
		{1E400C45-9C74-46B7-A12C-B401D75B0B15}.Debug|x64.Build.0 = Debug|Any CPU
		{1E400C45-9C74-46B7-A12C-B401D75B0B15}.Debug|x86.ActiveCfg = Debug|Any CPU
		{1E400C45-9C74-46B7-A12C-B401D75B0B15}.Debug|x86.Build.0 = Debug|Any CPU
		{1E400C45-9C74-46B7-A12C-B401D75B0B15}.Release|Any CPU.ActiveCfg = Release|Any CPU
		{1E400C45-9C74-46B7-A12C-B401D75B0B15}.Release|Any CPU.Build.0 = Release|Any CPU
		{1E400C45-9C74-46B7-A12C-B401D75B0B15}.Release|x64.ActiveCfg = Release|Any CPU
		{1E400C45-9C74-46B7-A12C-B401D75B0B15}.Release|x64.Build.0 = Release|Any CPU
		{1E400C45-9C74-46B7-A12C-B401D75B0B15}.Release|x86.ActiveCfg = Release|Any CPU
		{1E400C45-9C74-46B7-A12C-B401D75B0B15}.Release|x86.Build.0 = Release|Any CPU
		{DD724512-86F9-43EC-97F3-6634EFBB671B}.Debug|Any CPU.ActiveCfg = Debug|Any CPU
		{DD724512-86F9-43EC-97F3-6634EFBB671B}.Debug|Any CPU.Build.0 = Debug|Any CPU
		{DD724512-86F9-43EC-97F3-6634EFBB671B}.Debug|x64.ActiveCfg = Debug|Any CPU
		{DD724512-86F9-43EC-97F3-6634EFBB671B}.Debug|x64.Build.0 = Debug|Any CPU
		{DD724512-86F9-43EC-97F3-6634EFBB671B}.Debug|x86.ActiveCfg = Debug|Any CPU
		{DD724512-86F9-43EC-97F3-6634EFBB671B}.Debug|x86.Build.0 = Debug|Any CPU
		{DD724512-86F9-43EC-97F3-6634EFBB671B}.Release|Any CPU.ActiveCfg = Release|Any CPU
		{DD724512-86F9-43EC-97F3-6634EFBB671B}.Release|Any CPU.Build.0 = Release|Any CPU
		{DD724512-86F9-43EC-97F3-6634EFBB671B}.Release|x64.ActiveCfg = Release|Any CPU
		{DD724512-86F9-43EC-97F3-6634EFBB671B}.Release|x64.Build.0 = Release|Any CPU
		{DD724512-86F9-43EC-97F3-6634EFBB671B}.Release|x86.ActiveCfg = Release|Any CPU
		{DD724512-86F9-43EC-97F3-6634EFBB671B}.Release|x86.Build.0 = Release|Any CPU
	EndGlobalSection
	GlobalSection(SolutionProperties) = preSolution
		HideSolutionNode = FALSE
	EndGlobalSection
	GlobalSection(NestedProjects) = preSolution
		{31A9C13D-3E71-499A-9B2E-6AC7F27212B9} = {827E0CD3-B72D-47B6-A68D-7590B98EB39B}
		{6C3F335E-34DD-4494-9BAB-0DFA2C110D32} = {827E0CD3-B72D-47B6-A68D-7590B98EB39B}
		{6B0A38BC-253D-4F2E-A096-FF3C787F80F2} = {827E0CD3-B72D-47B6-A68D-7590B98EB39B}
		{1FD8576E-2706-41A7-941D-FB477303F529} = {827E0CD3-B72D-47B6-A68D-7590B98EB39B}
		{CFB3EF5D-69DF-46A2-B0FD-42ECBC874322} = {827E0CD3-B72D-47B6-A68D-7590B98EB39B}
		{D9597D7B-FBC1-49EC-AA63-96EDF7195E74} = {0AB3BF05-4346-4AA6-1389-037BE0695223}
		{F63A48AA-A6FE-4A4B-B417-E45DD65B7893} = {0AB3BF05-4346-4AA6-1389-037BE0695223}
		{1E400C45-9C74-46B7-A12C-B401D75B0B15} = {0AB3BF05-4346-4AA6-1389-037BE0695223}
		{DD724512-86F9-43EC-97F3-6634EFBB671B} = {07C2787E-EAC7-C090-1BA3-A61EC2A24D84}
	EndGlobalSection
EndGlobal
